
Microsoft Visual Studio Solution File, Format Version 12.00
# Visual Studio Version 17
VisualStudioVersion = 17.4.33213.308
MinimumVisualStudioVersion = 10.0.40219.1
Project("{FAE04EC0-301F-11D3-BF4B-00C04F79EFBC}") = "KafkaConsumer", "KafkaConsumer.csproj", "{1416B135-2DEB-4A2A-841A-BF1C0DFCC856}"
EndProject
Global
	GlobalSection(SolutionConfigurationPlatforms) = preSolution
		Debug|Any CPU = Debug|Any CPU
		Release|Any CPU = Release|Any CPU
	EndGlobalSection
	GlobalSection(ProjectConfigurationPlatforms) = postSolution
		{1416B135-2DEB-4A2A-841A-BF1C0DFCC856}.Debug|Any CPU.ActiveCfg = Debug|Any CPU
		{1416B135-2DEB-4A2A-841A-BF1C0DFCC856}.Debug|Any CPU.Build.0 = Debug|Any CPU
		{1416B135-2DEB-4A2A-841A-BF1C0DFCC856}.Release|Any CPU.ActiveCfg = Release|Any CPU
		{1416B135-2DEB-4A2A-841A-BF1C0DFCC856}.Release|Any CPU.Build.0 = Release|Any CPU
	EndGlobalSection
	GlobalSection(SolutionProperties) = preSolution
		HideSolutionNode = FALSE
	EndGlobalSection
	GlobalSection(ExtensibilityGlobals) = postSolution
		SolutionGuid = {D0A8C1FC-7238-48B1-AF40-F9F3F690513C}
	EndGlobalSection
EndGlobal
