
Microsoft Visual Studio Solution File, Format Version 12.00
# Visual Studio Version 17
VisualStudioVersion = 17.4.33213.308
MinimumVisualStudioVersion = 10.0.40219.1
Project("{FAE04EC0-301F-11D3-BF4B-00C04F79EFBC}") = "KafkaProducer", "KafkaProducer.csproj", "{B1AB3884-AAD4-46EC-ACAF-F60FB85C8114}"
EndProject
Global
	GlobalSection(SolutionConfigurationPlatforms) = preSolution
		Debug|Any CPU = Debug|Any CPU
		Release|Any CPU = Release|Any CPU
	EndGlobalSection
	GlobalSection(ProjectConfigurationPlatforms) = postSolution
		{B1AB3884-AAD4-46EC-ACAF-F60FB85C8114}.Debug|Any CPU.ActiveCfg = Debug|Any CPU
		{B1AB3884-AAD4-46EC-ACAF-F60FB85C8114}.Debug|Any CPU.Build.0 = Debug|Any CPU
		{B1AB3884-AAD4-46EC-ACAF-F60FB85C8114}.Release|Any CPU.ActiveCfg = Release|Any CPU
		{B1AB3884-AAD4-46EC-ACAF-F60FB85C8114}.Release|Any CPU.Build.0 = Release|Any CPU
	EndGlobalSection
	GlobalSection(SolutionProperties) = preSolution
		HideSolutionNode = FALSE
	EndGlobalSection
	GlobalSection(ExtensibilityGlobals) = postSolution
		SolutionGuid = {307FAD11-C294-47B9-A5BA-61B06B7981E2}
	EndGlobalSection
EndGlobal
